
Microsoft Visual Studio Solution File, Format Version 12.00
# Visual Studio Version 17
VisualStudioVersion = 17.3.32901.215
MinimumVisualStudioVersion = 10.0.40219.1
Project("{FAE04EC0-301F-11D3-BF4B-00C04F79EFBC}") = "hpel2-mx", "hpel2-mx.csproj", "{C8207530-A0AC-47A0-8A5D-65956EF44276}"
EndProject
Global
	GlobalSection(SolutionConfigurationPlatforms) = preSolution
		Debug|Any CPU = Debug|Any CPU
		Release|Any CPU = Release|Any CPU
	EndGlobalSection
	GlobalSection(ProjectConfigurationPlatforms) = postSolution
		{C8207530-A0AC-47A0-8A5D-65956EF44276}.Debug|Any CPU.ActiveCfg = Debug|Any CPU
		{C8207530-A0AC-47A0-8A5D-65956EF44276}.Debug|Any CPU.Build.0 = Debug|Any CPU
		{C8207530-A0AC-47A0-8A5D-65956EF44276}.Release|Any CPU.ActiveCfg = Release|Any CPU
		{C8207530-A0AC-47A0-8A5D-65956EF44276}.Release|Any CPU.Build.0 = Release|Any CPU
	EndGlobalSection
	GlobalSection(SolutionProperties) = preSolution
		HideSolutionNode = FALSE
	EndGlobalSection
	GlobalSection(ExtensibilityGlobals) = postSolution
		SolutionGuid = {1F9B40AD-8B2B-45C4-8E96-E2C2C289A670}
	EndGlobalSection
EndGlobal
